
Microsoft Visual Studio Solution File, Format Version 12.00
# Visual Studio 2015
Project("{FAE04EC0-301F-11D3-BF4B-00C04F79EFBC}") = "asdf.CSharp", "asdf.CSharp.csproj", "{ED4C05F3-467D-F031-9EF0-8E09A9852746}"
EndProject
Project("{FAE04EC0-301F-11D3-BF4B-00C04F79EFBC}") = "asdf.CSharp.Editor", "asdf.CSharp.Editor.csproj", "{4ECF9ECB-5566-865A-E7A4-00407808FE81}"
EndProject
Global
	GlobalSection(SolutionConfigurationPlatforms) = preSolution
		Debug|Any CPU = Debug|Any CPU
		Release|Any CPU = Release|Any CPU
	EndGlobalSection
	GlobalSection(ProjectConfigurationPlatforms) = postSolution
		{ED4C05F3-467D-F031-9EF0-8E09A9852746}.Debug|Any CPU.ActiveCfg = Debug|Any CPU
		{ED4C05F3-467D-F031-9EF0-8E09A9852746}.Debug|Any CPU.Build.0 = Debug|Any CPU
		{ED4C05F3-467D-F031-9EF0-8E09A9852746}.Release|Any CPU.ActiveCfg = Release|Any CPU
		{ED4C05F3-467D-F031-9EF0-8E09A9852746}.Release|Any CPU.Build.0 = Release|Any CPU
		{4ECF9ECB-5566-865A-E7A4-00407808FE81}.Debug|Any CPU.ActiveCfg = Debug|Any CPU
		{4ECF9ECB-5566-865A-E7A4-00407808FE81}.Debug|Any CPU.Build.0 = Debug|Any CPU
		{4ECF9ECB-5566-865A-E7A4-00407808FE81}.Release|Any CPU.ActiveCfg = Release|Any CPU
		{4ECF9ECB-5566-865A-E7A4-00407808FE81}.Release|Any CPU.Build.0 = Release|Any CPU
	EndGlobalSection
	GlobalSection(SolutionProperties) = preSolution
		HideSolutionNode = FALSE
	EndGlobalSection
EndGlobal
