
Microsoft Visual Studio Solution File, Format Version 12.00
# Visual Studio 2015
Project("{FAE04EC0-301F-11D3-BF4B-00C04F79EFBC}") = "asdf - Copy.CSharp", "asdf - Copy.CSharp.csproj", "{637D95D4-35BF-9544-238C-172E1CBFA533}"
EndProject
Project("{FAE04EC0-301F-11D3-BF4B-00C04F79EFBC}") = "asdf - Copy.CSharp.Editor", "asdf - Copy.CSharp.Editor.csproj", "{2ED29D16-3966-F374-DCF8-0F7063EE1FB9}"
EndProject
Global
	GlobalSection(SolutionConfigurationPlatforms) = preSolution
		Debug|Any CPU = Debug|Any CPU
		Release|Any CPU = Release|Any CPU
	EndGlobalSection
	GlobalSection(ProjectConfigurationPlatforms) = postSolution
		{637D95D4-35BF-9544-238C-172E1CBFA533}.Debug|Any CPU.ActiveCfg = Debug|Any CPU
		{637D95D4-35BF-9544-238C-172E1CBFA533}.Debug|Any CPU.Build.0 = Debug|Any CPU
		{637D95D4-35BF-9544-238C-172E1CBFA533}.Release|Any CPU.ActiveCfg = Release|Any CPU
		{637D95D4-35BF-9544-238C-172E1CBFA533}.Release|Any CPU.Build.0 = Release|Any CPU
		{2ED29D16-3966-F374-DCF8-0F7063EE1FB9}.Debug|Any CPU.ActiveCfg = Debug|Any CPU
		{2ED29D16-3966-F374-DCF8-0F7063EE1FB9}.Debug|Any CPU.Build.0 = Debug|Any CPU
		{2ED29D16-3966-F374-DCF8-0F7063EE1FB9}.Release|Any CPU.ActiveCfg = Release|Any CPU
		{2ED29D16-3966-F374-DCF8-0F7063EE1FB9}.Release|Any CPU.Build.0 = Release|Any CPU
	EndGlobalSection
	GlobalSection(SolutionProperties) = preSolution
		HideSolutionNode = FALSE
	EndGlobalSection
EndGlobal
